
Microsoft Visual Studio Solution File, Format Version 12.00
# Visual Studio 2012
Project("{FAE04EC0-301F-11D3-BF4B-00C04F79EFBC}") = "Rotation", "Rotation\Rotation.csproj", "{37963030-AB30-452B-97A0-99EACC5FEC1A}"
EndProject
Project("{FAE04EC0-301F-11D3-BF4B-00C04F79EFBC}") = "LongestCommonSubstring", "LongestCommonSubstring\LongestCommonSubstring.csproj", "{302C0665-E759-42D9-84D2-151E369F8511}"
EndProject
Global
	GlobalSection(SolutionConfigurationPlatforms) = preSolution
		Debug|Any CPU = Debug|Any CPU
		Release|Any CPU = Release|Any CPU
	EndGlobalSection
	GlobalSection(ProjectConfigurationPlatforms) = postSolution
		{37963030-AB30-452B-97A0-99EACC5FEC1A}.Debug|Any CPU.ActiveCfg = Debug|Any CPU
		{37963030-AB30-452B-97A0-99EACC5FEC1A}.Debug|Any CPU.Build.0 = Debug|Any CPU
		{37963030-AB30-452B-97A0-99EACC5FEC1A}.Release|Any CPU.ActiveCfg = Release|Any CPU
		{37963030-AB30-452B-97A0-99EACC5FEC1A}.Release|Any CPU.Build.0 = Release|Any CPU
		{302C0665-E759-42D9-84D2-151E369F8511}.Debug|Any CPU.ActiveCfg = Debug|Any CPU
		{302C0665-E759-42D9-84D2-151E369F8511}.Debug|Any CPU.Build.0 = Debug|Any CPU
		{302C0665-E759-42D9-84D2-151E369F8511}.Release|Any CPU.ActiveCfg = Release|Any CPU
		{302C0665-E759-42D9-84D2-151E369F8511}.Release|Any CPU.Build.0 = Release|Any CPU
	EndGlobalSection
	GlobalSection(SolutionProperties) = preSolution
		HideSolutionNode = FALSE
	EndGlobalSection
EndGlobal
